
Microsoft Visual Studio Solution File, Format Version 12.00
# Visual Studio 15
VisualStudioVersion = 15.0.28307.168
MinimumVisualStudioVersion = 10.0.40219.1
Project("{FAE04EC0-301F-11D3-BF4B-00C04F79EFBC}") = "MyWebsite.Presentation", "MyWebsite.Presentation\MyWebsite.Presentation.csproj", "{D3FA34DF-5C63-443A-A14B-C81DC82404F4}"
EndProject
Project("{FAE04EC0-301F-11D3-BF4B-00C04F79EFBC}") = "MyWebsite.Core", "MyWebsite.Core\MyWebsite.Core.csproj", "{6F1CBE8D-AE77-426E-8615-89173205ADCF}"
EndProject
Global
	GlobalSection(SolutionConfigurationPlatforms) = preSolution
		Debug|Any CPU = Debug|Any CPU
		Release|Any CPU = Release|Any CPU
	EndGlobalSection
	GlobalSection(ProjectConfigurationPlatforms) = postSolution
		{D3FA34DF-5C63-443A-A14B-C81DC82404F4}.Debug|Any CPU.ActiveCfg = Debug|Any CPU
		{D3FA34DF-5C63-443A-A14B-C81DC82404F4}.Debug|Any CPU.Build.0 = Debug|Any CPU
		{D3FA34DF-5C63-443A-A14B-C81DC82404F4}.Release|Any CPU.ActiveCfg = Release|Any CPU
		{D3FA34DF-5C63-443A-A14B-C81DC82404F4}.Release|Any CPU.Build.0 = Release|Any CPU
		{6F1CBE8D-AE77-426E-8615-89173205ADCF}.Debug|Any CPU.ActiveCfg = Debug|Any CPU
		{6F1CBE8D-AE77-426E-8615-89173205ADCF}.Debug|Any CPU.Build.0 = Debug|Any CPU
		{6F1CBE8D-AE77-426E-8615-89173205ADCF}.Release|Any CPU.ActiveCfg = Release|Any CPU
		{6F1CBE8D-AE77-426E-8615-89173205ADCF}.Release|Any CPU.Build.0 = Release|Any CPU
	EndGlobalSection
	GlobalSection(SolutionProperties) = preSolution
		HideSolutionNode = FALSE
	EndGlobalSection
	GlobalSection(ExtensibilityGlobals) = postSolution
		SolutionGuid = {5DEA5DC8-0208-4580-82CD-62BD96C3AEBC}
	EndGlobalSection
EndGlobal
